
Microsoft Visual Studio Solution File, Format Version 12.00
# Visual Studio Version 17
VisualStudioVersion = 17.11.35327.3
MinimumVisualStudioVersion = 10.0.40219.1
Project("{FAE04EC0-301F-11D3-BF4B-00C04F79EFBC}") = "RangeTask", "RangeTask\RangeTask.csproj", "{CFD96BA9-FA19-4C41-BE4C-D637B00AA384}"
EndProject
Global
	GlobalSection(SolutionConfigurationPlatforms) = preSolution
		Debug|Any CPU = Debug|Any CPU
		Release|Any CPU = Release|Any CPU
	EndGlobalSection
	GlobalSection(ProjectConfigurationPlatforms) = postSolution
		{CFD96BA9-FA19-4C41-BE4C-D637B00AA384}.Debug|Any CPU.ActiveCfg = Debug|Any CPU
		{CFD96BA9-FA19-4C41-BE4C-D637B00AA384}.Debug|Any CPU.Build.0 = Debug|Any CPU
		{CFD96BA9-FA19-4C41-BE4C-D637B00AA384}.Release|Any CPU.ActiveCfg = Release|Any CPU
		{CFD96BA9-FA19-4C41-BE4C-D637B00AA384}.Release|Any CPU.Build.0 = Release|Any CPU
	EndGlobalSection
	GlobalSection(SolutionProperties) = preSolution
		HideSolutionNode = FALSE
	EndGlobalSection
	GlobalSection(ExtensibilityGlobals) = postSolution
		SolutionGuid = {FC6FF1B4-5585-4F6D-9FF2-FD27BAF7A8EC}
	EndGlobalSection
EndGlobal
